
Microsoft Visual Studio Solution File, Format Version 12.00
# Visual Studio Version 17
VisualStudioVersion = 17.5.33414.496
MinimumVisualStudioVersion = 10.0.40219.1
Project("{FAE04EC0-301F-11D3-BF4B-00C04F79EFBC}") = "GUI-TakeANote", "GUI-TakeANote\GUI-TakeANote.csproj", "{8A29F425-17C0-40E2-B388-276B05B4C12A}"
EndProject
Global
	GlobalSection(SolutionConfigurationPlatforms) = preSolution
		Debug|Any CPU = Debug|Any CPU
		Release|Any CPU = Release|Any CPU
	EndGlobalSection
	GlobalSection(ProjectConfigurationPlatforms) = postSolution
		{8A29F425-17C0-40E2-B388-276B05B4C12A}.Debug|Any CPU.ActiveCfg = Debug|Any CPU
		{8A29F425-17C0-40E2-B388-276B05B4C12A}.Debug|Any CPU.Build.0 = Debug|Any CPU
		{8A29F425-17C0-40E2-B388-276B05B4C12A}.Release|Any CPU.ActiveCfg = Release|Any CPU
		{8A29F425-17C0-40E2-B388-276B05B4C12A}.Release|Any CPU.Build.0 = Release|Any CPU
	EndGlobalSection
	GlobalSection(SolutionProperties) = preSolution
		HideSolutionNode = FALSE
	EndGlobalSection
	GlobalSection(ExtensibilityGlobals) = postSolution
		SolutionGuid = {2B4CDCEC-63C0-47C9-AFD8-45D8A3019017}
	EndGlobalSection
EndGlobal
